{
  "name": "ui-components",
  "version": "1.0.0",
  "lockfileVersion": 3,
  "requires": true,
  "packages": {
    "": {
      "name": "ui-components",
      "version": "1.0.0",
      "license": "ISC",
      "dependencies": {
        "react": "^19.2.0",
        "react-dom": "^19.2.0"
      },
      "devDependencies": {
        "@storybook/addon-actions": "^8.6.14",
        "@storybook/addon-essentials": "^8.6.14",
        "@storybook/react": "^8.6.14",
        "@types/react": "^19.2.3",
        "@types/react-dom": "^19.2.2",
        "typescript": "^5.9.3"
      }
    },
    "node_modules/@babel/runtime": {
      "version": "7.28.4",
      "resolved": "https://registry.npmjs.org/@babel/runtime/-/runtime-7.28.4.tgz",
      "integrity": "sha512-Q/N6JNWvIvPnLDvjlE1OUBLPQHH6l3CltCEsHIujp45zQUSSh8K+gHnaEX45yAT1nyngnINhvWtzN+Nb9D8RAQ==",
      "dev": true,
      "license": "MIT",
      "engines": {
        "node": ">=6.9.0"
      }
    },
    "node_modules/@mdx-js/react": {
      "version": "3.1.1",
      "resolved": "https://registry.npmjs.org/@mdx-js/react/-/react-3.1.1.tgz",
      "integrity": "sha512-f++rKLQgUVYDAtECQ6fn/is15GkEH9+nZPM3MS0RcxVqoTfawHvDlSCH7JbMhAM6uJ32v3eXLvLmLvjGu7PTQw==",
      "dev": true,
      "license": "MIT",
      "dependencies": {
        "@types/mdx": "^2.0.0"
      },
      "funding": {
        "type": "opencollective",
        "url": "https://opencollective.com/unified"
      },
      "peerDependencies": {
        "@types/react": ">=16",
        "react": ">=16"
      }
    },
    "node_modules/@storybook/addon-actions": {
      "version": "8.6.14",
      "resolved": "https://registry.npmjs.org/@storybook/addon-actions/-/addon-actions-8.6.14.tgz",
      "integrity": "sha512-mDQxylxGGCQSK7tJPkD144J8jWh9IU9ziJMHfB84PKpI/V5ZgqMDnpr2bssTrUaGDqU5e1/z8KcRF+Melhs9pQ==",
      "dev": true,
      "license": "MIT",
      "dependencies": {
        "@storybook/global": "^5.0.0",
        "@types/uuid": "^9.0.1",
        "dequal": "^2.0.2",
        "polished": "^4.2.2",
        "uuid": "^9.0.0"
      },
      "funding": {
        "type": "opencollective",
        "url": "https://opencollective.com/storybook"
      },
      "peerDependencies": {
        "storybook": "^8.6.14"
      }
    },
    "node_modules/@storybook/addon-backgrounds": {
      "version": "8.6.14",
      "resolved": "https://registry.npmjs.org/@storybook/addon-backgrounds/-/addon-backgrounds-8.6.14.tgz",
      "integrity": "sha512-l9xS8qWe5n4tvMwth09QxH2PmJbCctEvBAc1tjjRasAfrd69f7/uFK4WhwJAstzBTNgTc8VXI4w8ZR97i1sFbg==",
      "dev": true,
      "license": "MIT",
      "dependencies": {
        "@storybook/global": "^5.0.0",
        "memoizerific": "^1.11.3",
        "ts-dedent": "^2.0.0"
      },
      "funding": {
        "type": "opencollective",
        "url": "https://opencollective.com/storybook"
      },
      "peerDependencies": {
        "storybook": "^8.6.14"
      }
    },
    "node_modules/@storybook/addon-controls": {
      "version": "8.6.14",
      "resolved": "https://registry.npmjs.org/@storybook/addon-controls/-/addon-controls-8.6.14.tgz",
      "integrity": "sha512-IiQpkNJdiRyA4Mq9mzjZlvQugL/aE7hNgVxBBGPiIZG6wb6Ht9hNnBYpap5ZXXFKV9p2qVI0FZK445ONmAa+Cw==",
      "dev": true,
      "license": "MIT",
      "dependencies": {
        "@storybook/global": "^5.0.0",
        "dequal": "^2.0.2",
        "ts-dedent": "^2.0.0"
      },
      "funding": {
        "type": "opencollective",
        "url": "https://opencollective.com/storybook"
      },
      "peerDependencies": {
        "storybook": "^8.6.14"
      }
    },
    "node_modules/@storybook/addon-docs": {
      "version": "8.6.14",
      "resolved": "https://registry.npmjs.org/@storybook/addon-docs/-/addon-docs-8.6.14.tgz",
      "integrity": "sha512-Obpd0OhAF99JyU5pp5ci17YmpcQtMNgqW2pTXV8jAiiipWpwO++hNDeQmLmlSXB399XjtRDOcDVkoc7rc6JzdQ==",
      "dev": true,
      "license": "MIT",
      "dependencies": {
        "@mdx-js/react": "^3.0.0",
        "@storybook/blocks": "8.6.14",
        "@storybook/csf-plugin": "8.6.14",
        "@storybook/react-dom-shim": "8.6.14",
        "react": "^16.8.0 || ^17.0.0 || ^18.0.0 || ^19.0.0",
        "react-dom": "^16.8.0 || ^17.0.0 || ^18.0.0 || ^19.0.0",
        "ts-dedent": "^2.0.0"
      },
      "funding": {
        "type": "opencollective",
        "url": "https://opencollective.com/storybook"
      },
      "peerDependencies": {
        "storybook": "^8.6.14"
      }
    },
    "node_modules/@storybook/addon-essentials": {
      "version": "8.6.14",
      "resolved": "https://registry.npmjs.org/@storybook/addon-essentials/-/addon-essentials-8.6.14.tgz",
      "integrity": "sha512-5ZZSHNaW9mXMOFkoPyc3QkoNGdJHETZydI62/OASR0lmPlJ1065TNigEo5dJddmZNn0/3bkE8eKMAzLnO5eIdA==",
      "dev": true,
      "license": "MIT",
      "dependencies": {
        "@storybook/addon-actions": "8.6.14",
        "@storybook/addon-backgrounds": "8.6.14",
        "@storybook/addon-controls": "8.6.14",
        "@storybook/addon-docs": "8.6.14",
        "@storybook/addon-highlight": "8.6.14",
        "@storybook/addon-measure": "8.6.14",
        "@storybook/addon-outline": "8.6.14",
        "@storybook/addon-toolbars": "8.6.14",
        "@storybook/addon-viewport": "8.6.14",
        "ts-dedent": "^2.0.0"
      },
      "funding": {
        "type": "opencollective",
        "url": "https://opencollective.com/storybook"
      },
      "peerDependencies": {
        "storybook": "^8.6.14"
      }
    },
    "node_modules/@storybook/addon-highlight": {
      "version": "8.6.14",
      "resolved": "https://registry.npmjs.org/@storybook/addon-highlight/-/addon-highlight-8.6.14.tgz",
      "integrity": "sha512-4H19OJlapkofiE9tM6K/vsepf4ir9jMm9T+zw5L85blJZxhKZIbJ6FO0TCG9PDc4iPt3L6+aq5B0X29s9zicNQ==",
      "dev": true,
      "license": "MIT",
      "dependencies": {
        "@storybook/global": "^5.0.0"
      },
      "funding": {
        "type": "opencollective",
        "url": "https://opencollective.com/storybook"
      },
      "peerDependencies": {
        "storybook": "^8.6.14"
      }
    },
    "node_modules/@storybook/addon-measure": {
      "version": "8.6.14",
      "resolved": "https://registry.npmjs.org/@storybook/addon-measure/-/addon-measure-8.6.14.tgz",
      "integrity": "sha512-1Tlyb72NX8aAqm6I6OICsUuGOP6hgnXcuFlXucyhKomPa6j3Eu2vKu561t/f0oGtAK2nO93Z70kVaEh5X+vaGw==",
      "dev": true,
      "license": "MIT",
      "dependencies": {
        "@storybook/global": "^5.0.0",
        "tiny-invariant": "^1.3.1"
      },
      "funding": {
        "type": "opencollective",
        "url": "https://opencollective.com/storybook"
      },
      "peerDependencies": {
        "storybook": "^8.6.14"
      }
    },
    "node_modules/@storybook/addon-outline": {
      "version": "8.6.14",
      "resolved": "https://registry.npmjs.org/@storybook/addon-outline/-/addon-outline-8.6.14.tgz",
      "integrity": "sha512-CW857JvN6OxGWElqjlzJO2S69DHf+xO3WsEfT5mT3ZtIjmsvRDukdWfDU9bIYUFyA2lFvYjncBGjbK+I91XR7w==",
      "dev": true,
      "license": "MIT",
      "dependencies": {
        "@storybook/global": "^5.0.0",
        "ts-dedent": "^2.0.0"
      },
      "funding": {
        "type": "opencollective",
        "url": "https://opencollective.com/storybook"
      },
      "peerDependencies": {
        "storybook": "^8.6.14"
      }
    },
    "node_modules/@storybook/addon-toolbars": {
      "version": "8.6.14",
      "resolved": "https://registry.npmjs.org/@storybook/addon-toolbars/-/addon-toolbars-8.6.14.tgz",
      "integrity": "sha512-W/wEXT8h3VyZTVfWK/84BAcjAxTdtRiAkT2KAN0nbSHxxB5KEM1MjKpKu2upyzzMa3EywITqbfy4dP6lpkVTwQ==",
      "dev": true,
      "license": "MIT",
      "funding": {
        "type": "opencollective",
        "url": "https://opencollective.com/storybook"
      },
      "peerDependencies": {
        "storybook": "^8.6.14"
      }
    },
    "node_modules/@storybook/addon-viewport": {
      "version": "8.6.14",
      "resolved": "https://registry.npmjs.org/@storybook/addon-viewport/-/addon-viewport-8.6.14.tgz",
      "integrity": "sha512-gNzVQbMqRC+/4uQTPI2ZrWuRHGquTMZpdgB9DrD88VTEjNudP+J6r8myLfr2VvGksBbUMHkGHMXHuIhrBEnXYA==",
      "dev": true,
      "license": "MIT",
      "dependencies": {
        "memoizerific": "^1.11.3"
      },
      "funding": {
        "type": "opencollective",
        "url": "https://opencollective.com/storybook"
      },
      "peerDependencies": {
        "storybook": "^8.6.14"
      }
    },
    "node_modules/@storybook/blocks": {
      "version": "8.6.14",
      "resolved": "https://registry.npmjs.org/@storybook/blocks/-/blocks-8.6.14.tgz",
      "integrity": "sha512-rBMHAfA39AGHgkrDze4RmsnQTMw1ND5fGWobr9pDcJdnDKWQWNRD7Nrlxj0gFlN3n4D9lEZhWGdFrCbku7FVAQ==",
      "dev": true,
      "license": "MIT",
      "dependencies": {
        "@storybook/icons": "^1.2.12",
        "ts-dedent": "^2.0.0"
      },
      "funding": {
        "type": "opencollective",
        "url": "https://opencollective.com/storybook"
      },
      "peerDependencies": {
        "react": "^16.8.0 || ^17.0.0 || ^18.0.0 || ^19.0.0",
        "react-dom": "^16.8.0 || ^17.0.0 || ^18.0.0 || ^19.0.0",
        "storybook": "^8.6.14"
      },
      "peerDependenciesMeta": {
        "react": {
          "optional": true
        },
        "react-dom": {
          "optional": true
        }
      }
    },
    "node_modules/@storybook/components": {
      "version": "8.6.14",
      "resolved": "https://registry.npmjs.org/@storybook/components/-/components-8.6.14.tgz",
      "integrity": "sha512-HNR2mC5I4Z5ek8kTrVZlIY/B8gJGs5b3XdZPBPBopTIN6U/YHXiDyOjY3JlaS4fSG1fVhp/Qp1TpMn1w/9m1pw==",
      "dev": true,
      "license": "MIT",
      "funding": {
        "type": "opencollective",
        "url": "https://opencollective.com/storybook"
      },
      "peerDependencies": {
        "storybook": "^8.2.0 || ^8.3.0-0 || ^8.4.0-0 || ^8.5.0-0 || ^8.6.0-0"
      }
    },
    "node_modules/@storybook/csf-plugin": {
      "version": "8.6.14",
      "resolved": "https://registry.npmjs.org/@storybook/csf-plugin/-/csf-plugin-8.6.14.tgz",
      "integrity": "sha512-dErtc9teAuN+eelN8FojzFE635xlq9cNGGGEu0WEmMUQ4iJ8pingvBO1N8X3scz4Ry7KnxX++NNf3J3gpxS8qQ==",
      "dev": true,
      "license": "MIT",
      "dependencies": {
        "unplugin": "^1.3.1"
      },
      "funding": {
        "type": "opencollective",
        "url": "https://opencollective.com/storybook"
      },
      "peerDependencies": {
        "storybook": "^8.6.14"
      }
    },
    "node_modules/@storybook/global": {
      "version": "5.0.0",
      "resolved": "https://registry.npmjs.org/@storybook/global/-/global-5.0.0.tgz",
      "integrity": "sha512-FcOqPAXACP0I3oJ/ws6/rrPT9WGhu915Cg8D02a9YxLo0DE9zI+a9A5gRGvmQ09fiWPukqI8ZAEoQEdWUKMQdQ==",
      "dev": true,
      "license": "MIT"
    },
    "node_modules/@storybook/icons": {
      "version": "1.6.0",
      "resolved": "https://registry.npmjs.org/@storybook/icons/-/icons-1.6.0.tgz",
      "integrity": "sha512-hcFZIjW8yQz8O8//2WTIXylm5Xsgc+lW9ISLgUk1xGmptIJQRdlhVIXCpSyLrQaaRiyhQRaVg7l3BD9S216BHw==",
      "dev": true,
      "license": "MIT",
      "engines": {
        "node": ">=14.0.0"
      },
      "peerDependencies": {
        "react": "^16.8.0 || ^17.0.0 || ^18.0.0 || ^19.0.0-beta",
        "react-dom": "^16.8.0 || ^17.0.0 || ^18.0.0 || ^19.0.0-beta"
      }
    },
    "node_modules/@storybook/manager-api": {
      "version": "8.6.14",
      "resolved": "https://registry.npmjs.org/@storybook/manager-api/-/manager-api-8.6.14.tgz",
      "integrity": "sha512-ez0Zihuy17udLbfHZQXkGqwtep0mSGgHcNzGN7iZrMP1m+VmNo+7aGCJJdvXi7+iU3yq8weXSQFWg5DqWgLS7g==",
      "dev": true,
      "license": "MIT",
      "funding": {
        "type": "opencollective",
        "url": "https://opencollective.com/storybook"
      },
      "peerDependencies": {
        "storybook": "^8.2.0 || ^8.3.0-0 || ^8.4.0-0 || ^8.5.0-0 || ^8.6.0-0"
      }
    },
    "node_modules/@storybook/preview-api": {
      "version": "8.6.14",
      "resolved": "https://registry.npmjs.org/@storybook/preview-api/-/preview-api-8.6.14.tgz",
      "integrity": "sha512-2GhcCd4dNMrnD7eooEfvbfL4I83qAqEyO0CO7JQAmIO6Rxb9BsOLLI/GD5HkvQB73ArTJ+PT50rfaO820IExOQ==",
      "dev": true,
      "license": "MIT",
      "funding": {
        "type": "opencollective",
        "url": "https://opencollective.com/storybook"
      },
      "peerDependencies": {
        "storybook": "^8.2.0 || ^8.3.0-0 || ^8.4.0-0 || ^8.5.0-0 || ^8.6.0-0"
      }
    },
    "node_modules/@storybook/react": {
      "version": "8.6.14",
      "resolved": "https://registry.npmjs.org/@storybook/react/-/react-8.6.14.tgz",
      "integrity": "sha512-BOepx5bBFwl/CPI+F+LnmMmsG1wQYmrX/UQXgUbHQUU9Tj7E2ndTnNbpIuSLc8IrM03ru+DfwSg1Co3cxWtT+g==",
      "dev": true,
      "license": "MIT",
      "dependencies": {
        "@storybook/components": "8.6.14",
        "@storybook/global": "^5.0.0",
        "@storybook/manager-api": "8.6.14",
        "@storybook/preview-api": "8.6.14",
        "@storybook/react-dom-shim": "8.6.14",
        "@storybook/theming": "8.6.14"
      },
      "engines": {
        "node": ">=18.0.0"
      },
      "funding": {
        "type": "opencollective",
        "url": "https://opencollective.com/storybook"
      },
      "peerDependencies": {
        "@storybook/test": "8.6.14",
        "react": "^16.8.0 || ^17.0.0 || ^18.0.0 || ^19.0.0-beta",
        "react-dom": "^16.8.0 || ^17.0.0 || ^18.0.0 || ^19.0.0-beta",
        "storybook": "^8.6.14",
        "typescript": ">= 4.2.x"
      },
      "peerDependenciesMeta": {
        "@storybook/test": {
          "optional": true
        },
        "typescript": {
          "optional": true
        }
      }
    },
    "node_modules/@storybook/react-dom-shim": {
      "version": "8.6.14",
      "resolved": "https://registry.npmjs.org/@storybook/react-dom-shim/-/react-dom-shim-8.6.14.tgz",
      "integrity": "sha512-0hixr3dOy3f3M+HBofp3jtMQMS+sqzjKNgl7Arfuj3fvjmyXOks/yGjDImySR4imPtEllvPZfhiQNlejheaInw==",
      "dev": true,
      "license": "MIT",
      "funding": {
        "type": "opencollective",
        "url": "https://opencollective.com/storybook"
      },
      "peerDependencies": {
        "react": "^16.8.0 || ^17.0.0 || ^18.0.0 || ^19.0.0-beta",
        "react-dom": "^16.8.0 || ^17.0.0 || ^18.0.0 || ^19.0.0-beta",
        "storybook": "^8.6.14"
      }
    },
    "node_modules/@storybook/theming": {
      "version": "8.6.14",
      "resolved": "https://registry.npmjs.org/@storybook/theming/-/theming-8.6.14.tgz",
      "integrity": "sha512-r4y+LsiB37V5hzpQo+BM10PaCsp7YlZ0YcZzQP1OCkPlYXmUAFy2VvDKaFRpD8IeNPKug2u4iFm/laDEbs03dg==",
      "dev": true,
      "license": "MIT",
      "funding": {
        "type": "opencollective",
        "url": "https://opencollective.com/storybook"
      },
      "peerDependencies": {
        "storybook": "^8.2.0 || ^8.3.0-0 || ^8.4.0-0 || ^8.5.0-0 || ^8.6.0-0"
      }
    },
    "node_modules/@types/mdx": {
      "version": "2.0.13",
      "resolved": "https://registry.npmjs.org/@types/mdx/-/mdx-2.0.13.tgz",
      "integrity": "sha512-+OWZQfAYyio6YkJb3HLxDrvnx6SWWDbC0zVPfBRzUk0/nqoDyf6dNxQi3eArPe8rJ473nobTMQ/8Zk+LxJ+Yuw==",
      "dev": true,
      "license": "MIT"
    },
    "node_modules/@types/react": {
      "version": "19.2.3",
      "resolved": "https://registry.npmjs.org/@types/react/-/react-19.2.3.tgz",
      "integrity": "sha512-k5dJVszUiNr1DSe8Cs+knKR6IrqhqdhpUwzqhkS8ecQTSf3THNtbfIp/umqHMpX2bv+9dkx3fwDv/86LcSfvSg==",
      "dev": true,
      "license": "MIT",
      "dependencies": {
        "csstype": "^3.0.2"
      }
    },
    "node_modules/@types/react-dom": {
      "version": "19.2.2",
      "resolved": "https://registry.npmjs.org/@types/react-dom/-/react-dom-19.2.2.tgz",
      "integrity": "sha512-9KQPoO6mZCi7jcIStSnlOWn2nEF3mNmyr3rIAsGnAbQKYbRLyqmeSc39EVgtxXVia+LMT8j3knZLAZAh+xLmrw==",
      "dev": true,
      "license": "MIT",
      "peerDependencies": {
        "@types/react": "^19.2.0"
      }
    },
    "node_modules/@types/uuid": {
      "version": "9.0.8",
      "resolved": "https://registry.npmjs.org/@types/uuid/-/uuid-9.0.8.tgz",
      "integrity": "sha512-jg+97EGIcY9AGHJJRaaPVgetKDsrTgbRjQ5Msgjh/DQKEFl0DtyRr/VCOyD1T2R1MNeWPK/u7JoGhlDZnKBAfA==",
      "dev": true,
      "license": "MIT"
    },
    "node_modules/acorn": {
      "version": "8.15.0",
      "resolved": "https://registry.npmjs.org/acorn/-/acorn-8.15.0.tgz",
      "integrity": "sha512-NZyJarBfL7nWwIq+FDL6Zp/yHEhePMNnnJ0y3qfieCrmNvYct8uvtiV41UvlSe6apAfk0fY1FbWx+NwfmpvtTg==",
      "dev": true,
      "license": "MIT",
      "bin": {
        "acorn": "bin/acorn"
      },
      "engines": {
        "node": ">=0.4.0"
      }
    },
    "node_modules/csstype": {
      "version": "3.1.3",
      "resolved": "https://registry.npmjs.org/csstype/-/csstype-3.1.3.tgz",
      "integrity": "sha512-M1uQkMl8rQK/szD0LNhtqxIPLpimGm8sOBwU7lLnCpSbTyY3yeU1Vc7l4KT5zT4s/yOxHH5O7tIuuLOCnLADRw==",
      "dev": true,
      "license": "MIT"
    },
    "node_modules/dequal": {
      "version": "2.0.3",
      "resolved": "https://registry.npmjs.org/dequal/-/dequal-2.0.3.tgz",
      "integrity": "sha512-0je+qPKHEMohvfRTCEo3CrPG6cAzAYgmzKyxRiYSSDkS6eGJdyVJm7WaYA5ECaAD9wLB2T4EEeymA5aFVcYXCA==",
      "dev": true,
      "license": "MIT",
      "engines": {
        "node": ">=6"
      }
    },
    "node_modules/map-or-similar": {
      "version": "1.5.0",
      "resolved": "https://registry.npmjs.org/map-or-similar/-/map-or-similar-1.5.0.tgz",
      "integrity": "sha512-0aF7ZmVon1igznGI4VS30yugpduQW3y3GkcgGJOp7d8x8QrizhigUxjI/m2UojsXXto+jLAH3KSz+xOJTiORjg==",
      "dev": true,
      "license": "MIT"
    },
    "node_modules/memoizerific": {
      "version": "1.11.3",
      "resolved": "https://registry.npmjs.org/memoizerific/-/memoizerific-1.11.3.tgz",
      "integrity": "sha512-/EuHYwAPdLtXwAwSZkh/Gutery6pD2KYd44oQLhAvQp/50mpyduZh8Q7PYHXTCJ+wuXxt7oij2LXyIJOOYFPog==",
      "dev": true,
      "license": "MIT",
      "dependencies": {
        "map-or-similar": "^1.5.0"
      }
    },
    "node_modules/polished": {
      "version": "4.3.1",
      "resolved": "https://registry.npmjs.org/polished/-/polished-4.3.1.tgz",
      "integrity": "sha512-OBatVyC/N7SCW/FaDHrSd+vn0o5cS855TOmYi4OkdWUMSJCET/xip//ch8xGUvtr3i44X9LVyWwQlRMTN3pwSA==",
      "dev": true,
      "license": "MIT",
      "dependencies": {
        "@babel/runtime": "^7.17.8"
      },
      "engines": {
        "node": ">=10"
      }
    },
    "node_modules/react": {
      "version": "19.2.0",
      "resolved": "https://registry.npmjs.org/react/-/react-19.2.0.tgz",
      "integrity": "sha512-tmbWg6W31tQLeB5cdIBOicJDJRR2KzXsV7uSK9iNfLWQ5bIZfxuPEHp7M8wiHyHnn0DD1i7w3Zmin0FtkrwoCQ==",
      "license": "MIT",
      "engines": {
        "node": ">=0.10.0"
      }
    },
    "node_modules/react-dom": {
      "version": "19.2.0",
      "resolved": "https://registry.npmjs.org/react-dom/-/react-dom-19.2.0.tgz",
      "integrity": "sha512-UlbRu4cAiGaIewkPyiRGJk0imDN2T3JjieT6spoL2UeSf5od4n5LB/mQ4ejmxhCFT1tYe8IvaFulzynWovsEFQ==",
      "license": "MIT",
      "dependencies": {
        "scheduler": "^0.27.0"
      },
      "peerDependencies": {
        "react": "^19.2.0"
      }
    },
    "node_modules/scheduler": {
      "version": "0.27.0",
      "resolved": "https://registry.npmjs.org/scheduler/-/scheduler-0.27.0.tgz",
      "integrity": "sha512-eNv+WrVbKu1f3vbYJT/xtiF5syA5HPIMtf9IgY/nKg0sWqzAUEvqY/xm7OcZc/qafLx/iO9FgOmeSAp4v5ti/Q==",
      "license": "MIT"
    },
    "node_modules/tiny-invariant": {
      "version": "1.3.3",
      "resolved": "https://registry.npmjs.org/tiny-invariant/-/tiny-invariant-1.3.3.tgz",
      "integrity": "sha512-+FbBPE1o9QAYvviau/qC5SE3caw21q3xkvWKBtja5vgqOWIHHJ3ioaq1VPfn/Szqctz2bU/oYeKd9/z5BL+PVg==",
      "dev": true,
      "license": "MIT"
    },
    "node_modules/ts-dedent": {
      "version": "2.2.0",
      "resolved": "https://registry.npmjs.org/ts-dedent/-/ts-dedent-2.2.0.tgz",
      "integrity": "sha512-q5W7tVM71e2xjHZTlgfTDoPF/SmqKG5hddq9SzR49CH2hayqRKJtQ4mtRlSxKaJlR/+9rEM+mnBHf7I2/BQcpQ==",
      "dev": true,
      "license": "MIT",
      "engines": {
        "node": ">=6.10"
      }
    },
    "node_modules/typescript": {
      "version": "5.9.3",
      "resolved": "https://registry.npmjs.org/typescript/-/typescript-5.9.3.tgz",
      "integrity": "sha512-jl1vZzPDinLr9eUt3J/t7V6FgNEw9QjvBPdysz9KfQDD41fQrC2Y4vKQdiaUpFT4bXlb1RHhLpp8wtm6M5TgSw==",
      "dev": true,
      "license": "Apache-2.0",
      "bin": {
        "tsc": "bin/tsc",
        "tsserver": "bin/tsserver"
      },
      "engines": {
        "node": ">=14.17"
      }
    },
    "node_modules/unplugin": {
      "version": "1.16.1",
      "resolved": "https://registry.npmjs.org/unplugin/-/unplugin-1.16.1.tgz",
      "integrity": "sha512-4/u/j4FrCKdi17jaxuJA0jClGxB1AvU2hw/IuayPc4ay1XGaJs/rbb4v5WKwAjNifjmXK9PIFyuPiaK8azyR9w==",
      "dev": true,
      "license": "MIT",
      "dependencies": {
        "acorn": "^8.14.0",
        "webpack-virtual-modules": "^0.6.2"
      },
      "engines": {
        "node": ">=14.0.0"
      }
    },
    "node_modules/uuid": {
      "version": "9.0.1",
      "resolved": "https://registry.npmjs.org/uuid/-/uuid-9.0.1.tgz",
      "integrity": "sha512-b+1eJOlsR9K8HJpow9Ok3fiWOWSIcIzXodvv0rQjVoOVNpWMpxf1wZNpt4y9h10odCNrqnYp1OBzRktckBe3sA==",
      "dev": true,
      "funding": [
        "https://github.com/sponsors/broofa",
        "https://github.com/sponsors/ctavan"
      ],
      "license": "MIT",
      "bin": {
        "uuid": "dist/bin/uuid"
      }
    },
    "node_modules/webpack-virtual-modules": {
      "version": "0.6.2",
      "resolved": "https://registry.npmjs.org/webpack-virtual-modules/-/webpack-virtual-modules-0.6.2.tgz",
      "integrity": "sha512-66/V2i5hQanC51vBQKPH4aI8NMAcBW59FVBs+rC7eGHupMyfn34q7rZIE+ETlJ+XTevqfUhVVBgSUNSW2flEUQ==",
      "dev": true,
      "license": "MIT"
    }
  }
}
